
Microsoft Visual Studio Solution File, Format Version 12.00
# Visual Studio Version 17
VisualStudioVersion = 17.8.34322.80
MinimumVisualStudioVersion = 10.0.40219.1
Project("{FAE04EC0-301F-11D3-BF4B-00C04F79EFBC}") = "CloneKun", "CloneKun\CloneKun.csproj", "{B1810292-7876-4648-ACFC-3B36C751DC79}"
EndProject
Global
	GlobalSection(SolutionConfigurationPlatforms) = preSolution
		Debug|Any CPU = Debug|Any CPU
		Release|Any CPU = Release|Any CPU
	EndGlobalSection
	GlobalSection(ProjectConfigurationPlatforms) = postSolution
		{B1810292-7876-4648-ACFC-3B36C751DC79}.Debug|Any CPU.ActiveCfg = Debug|Any CPU
		{B1810292-7876-4648-ACFC-3B36C751DC79}.Debug|Any CPU.Build.0 = Debug|Any CPU
		{B1810292-7876-4648-ACFC-3B36C751DC79}.Release|Any CPU.ActiveCfg = Release|Any CPU
		{B1810292-7876-4648-ACFC-3B36C751DC79}.Release|Any CPU.Build.0 = Release|Any CPU
	EndGlobalSection
	GlobalSection(SolutionProperties) = preSolution
		HideSolutionNode = FALSE
	EndGlobalSection
	GlobalSection(ExtensibilityGlobals) = postSolution
		SolutionGuid = {19ABB1FF-105E-47B5-8D89-B2C3F7F31B9B}
	EndGlobalSection
EndGlobal
